// !$*UTF8*$!
{
	archiveVersion = 1;
	classes = {
	};
	objectVersion = 46;
	objects = {

/* Begin PBXBuildFile section */
		2915B3BB1C813006000BDB5F /* Analgin.jpg in Resources */ = {isa = PBXBuildFile; fileRef = 2915B3A21C813006000BDB5F /* Analgin.jpg */; };
		2915B3BC1C813006000BDB5F /* Aspirin.jpg in Resources */ = {isa = PBXBuildFile; fileRef = 2915B3A31C813006000BDB5F /* Aspirin.jpg */; };
		2915B3BD1C813006000BDB5F /* Avelox.jpeg in Resources */ = {isa = PBXBuildFile; fileRef = 2915B3A41C813006000BDB5F /* Avelox.jpeg */; };
		2915B3BE1C813006000BDB5F /* Benadryl.jpg in Resources */ = {isa = PBXBuildFile; fileRef = 2915B3A51C813006000BDB5F /* Benadryl.jpg */; };
		2915B3BF1C813006000BDB5F /* Buckley.jpg in Resources */ = {isa = PBXBuildFile; fileRef = 2915B3A61C813006000BDB5F /* Buckley.jpg */; };
		2915B3C01C813006000BDB5F /* Bufferin.jpeg in Resources */ = {isa = PBXBuildFile; fileRef = 2915B3A71C813006000BDB5F /* Bufferin.jpeg */; };
		2915B3C11C813006000BDB5F /* CLARITYNE.jpg in Resources */ = {isa = PBXBuildFile; fileRef = 2915B3A81C813006000BDB5F /* CLARITYNE.jpg */; };
		2915B3C21C813006000BDB5F /* Contac NT.jpg in Resources */ = {isa = PBXBuildFile; fileRef = 2915B3A91C813006000BDB5F /* Contac NT.jpg */; };
		2915B3C31C813006000BDB5F /* Cortizone 10.jpg in Resources */ = {isa = PBXBuildFile; fileRef = 2915B3AA1C813006000BDB5F /* Cortizone 10.jpg */; };
		2915B3C41C813006000BDB5F /* Dicetel.jpg in Resources */ = {isa = PBXBuildFile; fileRef = 2915B3AB1C813006000BDB5F /* Dicetel.jpg */; };
		2915B3C51C813006000BDB5F /* Dulcolax.png in Resources */ = {isa = PBXBuildFile; fileRef = 2915B3AC1C813006000BDB5F /* Dulcolax.png */; };
		2915B3C61C813006000BDB5F /* Ibuprofen Suspension.gif in Resources */ = {isa = PBXBuildFile; fileRef = 2915B3AD1C813006000BDB5F /* Ibuprofen Suspension.gif */; };
		2915B3C71C813006000BDB5F /* Imodium.jpg in Resources */ = {isa = PBXBuildFile; fileRef = 2915B3AE1C813006000BDB5F /* Imodium.jpg */; };
		2915B3C81C813006000BDB5F /* Lotrimin.jpg in Resources */ = {isa = PBXBuildFile; fileRef = 2915B3AF1C813006000BDB5F /* Lotrimin.jpg */; };
		2915B3C91C813006000BDB5F /* Motilium.jpg in Resources */ = {isa = PBXBuildFile; fileRef = 2915B3B01C813006000BDB5F /* Motilium.jpg */; };
		2915B3CA1C813006000BDB5F /* Mucosolvan.jpg in Resources */ = {isa = PBXBuildFile; fileRef = 2915B3B11C813006000BDB5F /* Mucosolvan.jpg */; };
		2915B3CB1C813006000BDB5F /* Neosporin.jpg in Resources */ = {isa = PBXBuildFile; fileRef = 2915B3B21C813006000BDB5F /* Neosporin.jpg */; };
		2915B3CC1C813006000BDB5F /* Peptobismol.jpg in Resources */ = {isa = PBXBuildFile; fileRef = 2915B3B31C813006000BDB5F /* Peptobismol.jpg */; };
		2915B3CD1C813006000BDB5F /* Prevacid.jpg in Resources */ = {isa = PBXBuildFile; fileRef = 2915B3B41C813006000BDB5F /* Prevacid.jpg */; };
		2915B3CE1C813006000BDB5F /* Prilosec.GIF in Resources */ = {isa = PBXBuildFile; fileRef = 2915B3B51C813006000BDB5F /* Prilosec.GIF */; };
		2915B3CF1C813006000BDB5F /* Smecta.jpg in Resources */ = {isa = PBXBuildFile; fileRef = 2915B3B61C813006000BDB5F /* Smecta.jpg */; };
		2915B3D01C813006000BDB5F /* Sudafed PE.jpg in Resources */ = {isa = PBXBuildFile; fileRef = 2915B3B71C813006000BDB5F /* Sudafed PE.jpg */; };
		2915B3D11C813006000BDB5F /* tylenol.jpg in Resources */ = {isa = PBXBuildFile; fileRef = 2915B3B81C813006000BDB5F /* tylenol.jpg */; };
		2915B3D21C813006000BDB5F /* Zantac.jpg in Resources */ = {isa = PBXBuildFile; fileRef = 2915B3B91C813006000BDB5F /* Zantac.jpg */; };
		2915B3D31C813006000BDB5F /* Zegerid.jpg in Resources */ = {isa = PBXBuildFile; fileRef = 2915B3BA1C813006000BDB5F /* Zegerid.jpg */; };
		292D76601C826036008D55D6 /* Clock-50.png in Resources */ = {isa = PBXBuildFile; fileRef = 292D765F1C826036008D55D6 /* Clock-50.png */; };
		292D76621C8263B6008D55D6 /* clock-7.png in Resources */ = {isa = PBXBuildFile; fileRef = 292D76611C8263B6008D55D6 /* clock-7.png */; };
		292D76641C82645C008D55D6 /* clock-alarm-7.png in Resources */ = {isa = PBXBuildFile; fileRef = 292D76631C82645C008D55D6 /* clock-alarm-7.png */; };
		292D76661C826510008D55D6 /* book-cover-7.png in Resources */ = {isa = PBXBuildFile; fileRef = 292D76651C826510008D55D6 /* book-cover-7.png */; };
		292D76681C826566008D55D6 /* search-7.png in Resources */ = {isa = PBXBuildFile; fileRef = 292D76671C826566008D55D6 /* search-7.png */; };
		292D766A1C82666A008D55D6 /* message-7.png in Resources */ = {isa = PBXBuildFile; fileRef = 292D76691C82666A008D55D6 /* message-7.png */; };
		292D766C1C82AF7F008D55D6 /* CenterViewController.swift in Sources */ = {isa = PBXBuildFile; fileRef = 292D766B1C82AF7F008D55D6 /* CenterViewController.swift */; };
		294E65F81C8E2581007CEF92 /* libicucore.tbd in Frameworks */ = {isa = PBXBuildFile; fileRef = 294E65F71C8E2581007CEF92 /* libicucore.tbd */; };
		294E65FA1C8E258F007CEF92 /* libc++.tbd in Frameworks */ = {isa = PBXBuildFile; fileRef = 294E65F91C8E258F007CEF92 /* libc++.tbd */; };
		294E65FC1C8E2597007CEF92 /* CFNetwork.framework in Frameworks */ = {isa = PBXBuildFile; fileRef = 294E65FB1C8E2597007CEF92 /* CFNetwork.framework */; };
		294E65FE1C8E25A6007CEF92 /* Security.framework in Frameworks */ = {isa = PBXBuildFile; fileRef = 294E65FD1C8E25A6007CEF92 /* Security.framework */; };
		294E66001C8E25B0007CEF92 /* SystemConfiguration.framework in Frameworks */ = {isa = PBXBuildFile; fileRef = 294E65FF1C8E25B0007CEF92 /* SystemConfiguration.framework */; };
		294E66061C8E28A7007CEF92 /* Message.swift in Sources */ = {isa = PBXBuildFile; fileRef = 294E66051C8E28A7007CEF92 /* Message.swift */; };
		294E669A1C8E2DEF007CEF92 /* JSQSystemSoundPlayer.m in Sources */ = {isa = PBXBuildFile; fileRef = 294E66991C8E2DEE007CEF92 /* JSQSystemSoundPlayer.m */; };
		294E66F11C8E2E1C007CEF92 /* bubble.png in Resources */ = {isa = PBXBuildFile; fileRef = 294E669E1C8E2E1C007CEF92 /* bubble.png */; };
		294E66F21C8E2E1C007CEF92 /* bubble@2x.png in Resources */ = {isa = PBXBuildFile; fileRef = 294E669F1C8E2E1C007CEF92 /* bubble@2x.png */; };
		294E66F31C8E2E1C007CEF92 /* bubble_min.png in Resources */ = {isa = PBXBuildFile; fileRef = 294E66A01C8E2E1C007CEF92 /* bubble_min.png */; };
		294E66F41C8E2E1C007CEF92 /* bubble_min@2x.png in Resources */ = {isa = PBXBuildFile; fileRef = 294E66A11C8E2E1C007CEF92 /* bubble_min@2x.png */; };
		294E66F51C8E2E1C007CEF92 /* bubble_min_tailless.png in Resources */ = {isa = PBXBuildFile; fileRef = 294E66A21C8E2E1C007CEF92 /* bubble_min_tailless.png */; };
		294E66F61C8E2E1C007CEF92 /* bubble_min_tailless@2x.png in Resources */ = {isa = PBXBuildFile; fileRef = 294E66A31C8E2E1C007CEF92 /* bubble_min_tailless@2x.png */; };
		294E66F71C8E2E1C007CEF92 /* bubble_stroked.png in Resources */ = {isa = PBXBuildFile; fileRef = 294E66A41C8E2E1C007CEF92 /* bubble_stroked.png */; };
		294E66F81C8E2E1C007CEF92 /* bubble_stroked@2x.png in Resources */ = {isa = PBXBuildFile; fileRef = 294E66A51C8E2E1C007CEF92 /* bubble_stroked@2x.png */; };
		294E66F91C8E2E1C007CEF92 /* bubble_stroked_tailless.png in Resources */ = {isa = PBXBuildFile; fileRef = 294E66A61C8E2E1C007CEF92 /* bubble_stroked_tailless.png */; };
		294E66FA1C8E2E1C007CEF92 /* bubble_stroked_tailless@2x.png in Resources */ = {isa = PBXBuildFile; fileRef = 294E66A71C8E2E1C007CEF92 /* bubble_stroked_tailless@2x.png */; };
		294E66FB1C8E2E1C007CEF92 /* bubble_tailless.png in Resources */ = {isa = PBXBuildFile; fileRef = 294E66A81C8E2E1C007CEF92 /* bubble_tailless.png */; };
		294E66FC1C8E2E1C007CEF92 /* bubble_tailless@2x.png in Resources */ = {isa = PBXBuildFile; fileRef = 294E66A91C8E2E1C007CEF92 /* bubble_tailless@2x.png */; };
		294E66FD1C8E2E1C007CEF92 /* camera.png in Resources */ = {isa = PBXBuildFile; fileRef = 294E66AA1C8E2E1C007CEF92 /* camera.png */; };
		294E66FE1C8E2E1C007CEF92 /* camera@2x.png in Resources */ = {isa = PBXBuildFile; fileRef = 294E66AB1C8E2E1C007CEF92 /* camera@2x.png */; };
		294E66FF1C8E2E1C007CEF92 /* typing.png in Resources */ = {isa = PBXBuildFile; fileRef = 294E66AC1C8E2E1C007CEF92 /* typing.png */; };
		294E67001C8E2E1C007CEF92 /* typing@2x.png in Resources */ = {isa = PBXBuildFile; fileRef = 294E66AD1C8E2E1C007CEF92 /* typing@2x.png */; };
		294E67011C8E2E1C007CEF92 /* message_received.aiff in Resources */ = {isa = PBXBuildFile; fileRef = 294E66AF1C8E2E1C007CEF92 /* message_received.aiff */; };
		294E67021C8E2E1C007CEF92 /* message_sent.aiff in Resources */ = {isa = PBXBuildFile; fileRef = 294E66B01C8E2E1C007CEF92 /* message_sent.aiff */; };
		294E67031C8E2E1C007CEF92 /* JSQSystemSoundPlayer+JSQMessages.m in Sources */ = {isa = PBXBuildFile; fileRef = 294E66B31C8E2E1C007CEF92 /* JSQSystemSoundPlayer+JSQMessages.m */; };
		294E67041C8E2E1C007CEF92 /* NSString+JSQMessages.m in Sources */ = {isa = PBXBuildFile; fileRef = 294E66B51C8E2E1C007CEF92 /* NSString+JSQMessages.m */; };
		294E67051C8E2E1C007CEF92 /* UIColor+JSQMessages.m in Sources */ = {isa = PBXBuildFile; fileRef = 294E66B71C8E2E1C007CEF92 /* UIColor+JSQMessages.m */; };
		294E67061C8E2E1C007CEF92 /* UIImage+JSQMessages.m in Sources */ = {isa = PBXBuildFile; fileRef = 294E66B91C8E2E1C007CEF92 /* UIImage+JSQMessages.m */; };
		294E67071C8E2E1C007CEF92 /* UIView+JSQMessages.m in Sources */ = {isa = PBXBuildFile; fileRef = 294E66BB1C8E2E1C007CEF92 /* UIView+JSQMessages.m */; };
		294E67081C8E2E1C007CEF92 /* JSQMessagesKeyboardController.m in Sources */ = {isa = PBXBuildFile; fileRef = 294E66BE1C8E2E1C007CEF92 /* JSQMessagesKeyboardController.m */; };
		294E67091C8E2E1C007CEF92 /* JSQMessagesViewController.m in Sources */ = {isa = PBXBuildFile; fileRef = 294E66C01C8E2E1C007CEF92 /* JSQMessagesViewController.m */; };
		294E670A1C8E2E1C007CEF92 /* JSQMessagesViewController.xib in Resources */ = {isa = PBXBuildFile; fileRef = 294E66C11C8E2E1C007CEF92 /* JSQMessagesViewController.xib */; };
		294E670B1C8E2E1C007CEF92 /* JSQMessagesAvatarFactory.m in Sources */ = {isa = PBXBuildFile; fileRef = 294E66C41C8E2E1C007CEF92 /* JSQMessagesAvatarFactory.m */; };
		294E670C1C8E2E1C007CEF92 /* JSQMessagesBubbleImageFactory.m in Sources */ = {isa = PBXBuildFile; fileRef = 294E66C61C8E2E1C007CEF92 /* JSQMessagesBubbleImageFactory.m */; };
		294E670D1C8E2E1C007CEF92 /* JSQMessagesTimestampFormatter.m in Sources */ = {isa = PBXBuildFile; fileRef = 294E66C81C8E2E1C007CEF92 /* JSQMessagesTimestampFormatter.m */; };
		294E670E1C8E2E1C007CEF92 /* JSQMessagesToolbarButtonFactory.m in Sources */ = {isa = PBXBuildFile; fileRef = 294E66CA1C8E2E1C007CEF92 /* JSQMessagesToolbarButtonFactory.m */; };
		294E670F1C8E2E1C007CEF92 /* JSQMessagesCollectionViewFlowLayout.m in Sources */ = {isa = PBXBuildFile; fileRef = 294E66CE1C8E2E1C007CEF92 /* JSQMessagesCollectionViewFlowLayout.m */; };
		294E67101C8E2E1C007CEF92 /* JSQMessagesCollectionViewFlowLayoutInvalidationContext.m in Sources */ = {isa = PBXBuildFile; fileRef = 294E66D01C8E2E1C007CEF92 /* JSQMessagesCollectionViewFlowLayoutInvalidationContext.m */; };
		294E67111C8E2E1C007CEF92 /* JSQMessagesCollectionViewLayoutAttributes.m in Sources */ = {isa = PBXBuildFile; fileRef = 294E66D21C8E2E1C007CEF92 /* JSQMessagesCollectionViewLayoutAttributes.m */; };
		294E67121C8E2E1C007CEF92 /* JSQMessage.m in Sources */ = {isa = PBXBuildFile; fileRef = 294E66D51C8E2E1C007CEF92 /* JSQMessage.m */; };
		294E67131C8E2E1C007CEF92 /* JSQMessagesCollectionView.m in Sources */ = {isa = PBXBuildFile; fileRef = 294E66D91C8E2E1C007CEF92 /* JSQMessagesCollectionView.m */; };
		294E67141C8E2E1C007CEF92 /* JSQMessagesCollectionViewCell.m in Sources */ = {isa = PBXBuildFile; fileRef = 294E66DB1C8E2E1C007CEF92 /* JSQMessagesCollectionViewCell.m */; };
		294E67151C8E2E1C007CEF92 /* JSQMessagesCollectionViewCellIncoming.m in Sources */ = {isa = PBXBuildFile; fileRef = 294E66DD1C8E2E1C007CEF92 /* JSQMessagesCollectionViewCellIncoming.m */; };
		294E67161C8E2E1C007CEF92 /* JSQMessagesCollectionViewCellIncoming.xib in Resources */ = {isa = PBXBuildFile; fileRef = 294E66DE1C8E2E1C007CEF92 /* JSQMessagesCollectionViewCellIncoming.xib */; };
		294E67171C8E2E1C007CEF92 /* JSQMessagesCollectionViewCellOutgoing.m in Sources */ = {isa = PBXBuildFile; fileRef = 294E66E01C8E2E1C007CEF92 /* JSQMessagesCollectionViewCellOutgoing.m */; };
		294E67181C8E2E1C007CEF92 /* JSQMessagesCollectionViewCellOutgoing.xib in Resources */ = {isa = PBXBuildFile; fileRef = 294E66E11C8E2E1C007CEF92 /* JSQMessagesCollectionViewCellOutgoing.xib */; };
		294E67191C8E2E1C007CEF92 /* JSQMessagesComposerTextView.m in Sources */ = {isa = PBXBuildFile; fileRef = 294E66E31C8E2E1C007CEF92 /* JSQMessagesComposerTextView.m */; };
		294E671A1C8E2E1C007CEF92 /* JSQMessagesInputToolbar.m in Sources */ = {isa = PBXBuildFile; fileRef = 294E66E51C8E2E1C007CEF92 /* JSQMessagesInputToolbar.m */; };
		294E671B1C8E2E1C007CEF92 /* JSQMessagesLabel.m in Sources */ = {isa = PBXBuildFile; fileRef = 294E66E71C8E2E1C007CEF92 /* JSQMessagesLabel.m */; };
		294E671C1C8E2E1C007CEF92 /* JSQMessagesLoadEarlierHeaderView.m in Sources */ = {isa = PBXBuildFile; fileRef = 294E66E91C8E2E1C007CEF92 /* JSQMessagesLoadEarlierHeaderView.m */; };
		294E671D1C8E2E1C007CEF92 /* JSQMessagesLoadEarlierHeaderView.xib in Resources */ = {isa = PBXBuildFile; fileRef = 294E66EA1C8E2E1C007CEF92 /* JSQMessagesLoadEarlierHeaderView.xib */; };
		294E671E1C8E2E1C007CEF92 /* JSQMessagesToolbarContentView.m in Sources */ = {isa = PBXBuildFile; fileRef = 294E66EC1C8E2E1C007CEF92 /* JSQMessagesToolbarContentView.m */; };
		294E671F1C8E2E1C007CEF92 /* JSQMessagesToolbarContentView.xib in Resources */ = {isa = PBXBuildFile; fileRef = 294E66ED1C8E2E1C007CEF92 /* JSQMessagesToolbarContentView.xib */; };
		294E67201C8E2E1C007CEF92 /* JSQMessagesTypingIndicatorFooterView.m in Sources */ = {isa = PBXBuildFile; fileRef = 294E66EF1C8E2E1C007CEF92 /* JSQMessagesTypingIndicatorFooterView.m */; };
		294E67211C8E2E1C007CEF92 /* JSQMessagesTypingIndicatorFooterView.xib in Resources */ = {isa = PBXBuildFile; fileRef = 294E66F01C8E2E1C007CEF92 /* JSQMessagesTypingIndicatorFooterView.xib */; };
		29672A391C88DF0400B2B237 /* ProfileViewController.swift in Sources */ = {isa = PBXBuildFile; fileRef = 29672A381C88DF0400B2B237 /* ProfileViewController.swift */; };
		29672A3B1C88E3D100B2B237 /* Profile.swift in Sources */ = {isa = PBXBuildFile; fileRef = 29672A3A1C88E3D100B2B237 /* Profile.swift */; };
		29672A3D1C88E7DF00B2B237 /* ProfileTableViewController.swift in Sources */ = {isa = PBXBuildFile; fileRef = 29672A3C1C88E7DF00B2B237 /* ProfileTableViewController.swift */; };
		2989DC861C8F4A4B008ECCF8 /* Firebase.framework in Frameworks */ = {isa = PBXBuildFile; fileRef = 2989DC851C8F4A4B008ECCF8 /* Firebase.framework */; };
		299EDCD21C71593A007CDFAD /* AppDelegate.swift in Sources */ = {isa = PBXBuildFile; fileRef = 299EDCD11C71593A007CDFAD /* AppDelegate.swift */; };
		299EDCD41C71593A007CDFAD /* FirstViewController.swift in Sources */ = {isa = PBXBuildFile; fileRef = 299EDCD31C71593A007CDFAD /* FirstViewController.swift */; };
		299EDCD61C71593A007CDFAD /* ClinicViewController.swift in Sources */ = {isa = PBXBuildFile; fileRef = 299EDCD51C71593A007CDFAD /* ClinicViewController.swift */; };
		299EDCD91C71593A007CDFAD /* Main.storyboard in Resources */ = {isa = PBXBuildFile; fileRef = 299EDCD71C71593A007CDFAD /* Main.storyboard */; };
		299EDCDB1C71593A007CDFAD /* Assets.xcassets in Resources */ = {isa = PBXBuildFile; fileRef = 299EDCDA1C71593A007CDFAD /* Assets.xcassets */; };
		299EDCDE1C71593A007CDFAD /* LaunchScreen.storyboard in Resources */ = {isa = PBXBuildFile; fileRef = 299EDCDC1C71593A007CDFAD /* LaunchScreen.storyboard */; };
		299EDCE61C715A8D007CDFAD /* Medicine.swift in Sources */ = {isa = PBXBuildFile; fileRef = 299EDCE51C715A8D007CDFAD /* Medicine.swift */; };
		299EDCE81C715E53007CDFAD /* PrescriptionTableViewController.swift in Sources */ = {isa = PBXBuildFile; fileRef = 299EDCE71C715E53007CDFAD /* PrescriptionTableViewController.swift */; };
		299EDCEA1C7166C3007CDFAD /* MedicineDetailViewController.swift in Sources */ = {isa = PBXBuildFile; fileRef = 299EDCE91C7166C3007CDFAD /* MedicineDetailViewController.swift */; };
		29AD0F211C82B69500ED7A36 /* AdviserViewController.swift in Sources */ = {isa = PBXBuildFile; fileRef = 29AD0F201C82B69500ED7A36 /* AdviserViewController.swift */; };
		29AD0F231C87459A00ED7A36 /* ReminderCollectionViewController.swift in Sources */ = {isa = PBXBuildFile; fileRef = 29AD0F221C87459A00ED7A36 /* ReminderCollectionViewController.swift */; };
		29AD0F251C87511900ED7A36 /* MedicineCollectionViewCell.swift in Sources */ = {isa = PBXBuildFile; fileRef = 29AD0F241C87511900ED7A36 /* MedicineCollectionViewCell.swift */; };
/* End PBXBuildFile section */

/* Begin PBXFileReference section */
		2915B3A21C813006000BDB5F /* Analgin.jpg */ = {isa = PBXFileReference; lastKnownFileType = image.jpeg; path = Analgin.jpg; sourceTree = "<group>"; };
		2915B3A31C813006000BDB5F /* Aspirin.jpg */ = {isa = PBXFileReference; lastKnownFileType = image.jpeg; path = Aspirin.jpg; sourceTree = "<group>"; };
		2915B3A41C813006000BDB5F /* Avelox.jpeg */ = {isa = PBXFileReference; lastKnownFileType = image.jpeg; path = Avelox.jpeg; sourceTree = "<group>"; };
		2915B3A51C813006000BDB5F /* Benadryl.jpg */ = {isa = PBXFileReference; lastKnownFileType = image.jpeg; path = Benadryl.jpg; sourceTree = "<group>"; };
		2915B3A61C813006000BDB5F /* Buckley.jpg */ = {isa = PBXFileReference; lastKnownFileType = image.jpeg; path = Buckley.jpg; sourceTree = "<group>"; };
		2915B3A71C813006000BDB5F /* Bufferin.jpeg */ = {isa = PBXFileReference; lastKnownFileType = image.jpeg; path = Bufferin.jpeg; sourceTree = "<group>"; };
		2915B3A81C813006000BDB5F /* CLARITYNE.jpg */ = {isa = PBXFileReference; lastKnownFileType = image.jpeg; path = CLARITYNE.jpg; sourceTree = "<group>"; };
		2915B3A91C813006000BDB5F /* Contac NT.jpg */ = {isa = PBXFileReference; lastKnownFileType = image.jpeg; path = "Contac NT.jpg"; sourceTree = "<group>"; };
		2915B3AA1C813006000BDB5F /* Cortizone 10.jpg */ = {isa = PBXFileReference; lastKnownFileType = image.jpeg; path = "Cortizone 10.jpg"; sourceTree = "<group>"; };
		2915B3AB1C813006000BDB5F /* Dicetel.jpg */ = {isa = PBXFileReference; lastKnownFileType = image.jpeg; path = Dicetel.jpg; sourceTree = "<group>"; };
		2915B3AC1C813006000BDB5F /* Dulcolax.png */ = {isa = PBXFileReference; lastKnownFileType = image.png; path = Dulcolax.png; sourceTree = "<group>"; };
		2915B3AD1C813006000BDB5F /* Ibuprofen Suspension.gif */ = {isa = PBXFileReference; lastKnownFileType = image.gif; path = "Ibuprofen Suspension.gif"; sourceTree = "<group>"; };
		2915B3AE1C813006000BDB5F /* Imodium.jpg */ = {isa = PBXFileReference; lastKnownFileType = image.jpeg; path = Imodium.jpg; sourceTree = "<group>"; };
		2915B3AF1C813006000BDB5F /* Lotrimin.jpg */ = {isa = PBXFileReference; lastKnownFileType = image.jpeg; path = Lotrimin.jpg; sourceTree = "<group>"; };
		2915B3B01C813006000BDB5F /* Motilium.jpg */ = {isa = PBXFileReference; lastKnownFileType = image.jpeg; path = Motilium.jpg; sourceTree = "<group>"; };
		2915B3B11C813006000BDB5F /* Mucosolvan.jpg */ = {isa = PBXFileReference; lastKnownFileType = image.jpeg; path = Mucosolvan.jpg; sourceTree = "<group>"; };
		2915B3B21C813006000BDB5F /* Neosporin.jpg */ = {isa = PBXFileReference; lastKnownFileType = image.jpeg; path = Neosporin.jpg; sourceTree = "<group>"; };
		2915B3B31C813006000BDB5F /* Peptobismol.jpg */ = {isa = PBXFileReference; lastKnownFileType = image.jpeg; path = Peptobismol.jpg; sourceTree = "<group>"; };
		2915B3B41C813006000BDB5F /* Prevacid.jpg */ = {isa = PBXFileReference; lastKnownFileType = image.jpeg; path = Prevacid.jpg; sourceTree = "<group>"; };
		2915B3B51C813006000BDB5F /* Prilosec.GIF */ = {isa = PBXFileReference; lastKnownFileType = image.gif; path = Prilosec.GIF; sourceTree = "<group>"; };
		2915B3B61C813006000BDB5F /* Smecta.jpg */ = {isa = PBXFileReference; lastKnownFileType = image.jpeg; path = Smecta.jpg; sourceTree = "<group>"; };
		2915B3B71C813006000BDB5F /* Sudafed PE.jpg */ = {isa = PBXFileReference; lastKnownFileType = image.jpeg; path = "Sudafed PE.jpg"; sourceTree = "<group>"; };
		2915B3B81C813006000BDB5F /* tylenol.jpg */ = {isa = PBXFileReference; lastKnownFileType = image.jpeg; path = tylenol.jpg; sourceTree = "<group>"; };
		2915B3B91C813006000BDB5F /* Zantac.jpg */ = {isa = PBXFileReference; lastKnownFileType = image.jpeg; path = Zantac.jpg; sourceTree = "<group>"; };
		2915B3BA1C813006000BDB5F /* Zegerid.jpg */ = {isa = PBXFileReference; lastKnownFileType = image.jpeg; path = Zegerid.jpg; sourceTree = "<group>"; };
		292D765F1C826036008D55D6 /* Clock-50.png */ = {isa = PBXFileReference; lastKnownFileType = image.png; path = "Clock-50.png"; sourceTree = "<group>"; };
		292D76611C8263B6008D55D6 /* clock-7.png */ = {isa = PBXFileReference; lastKnownFileType = image.png; path = "clock-7.png"; sourceTree = "<group>"; };
		292D76631C82645C008D55D6 /* clock-alarm-7.png */ = {isa = PBXFileReference; lastKnownFileType = image.png; path = "clock-alarm-7.png"; sourceTree = "<group>"; };
		292D76651C826510008D55D6 /* book-cover-7.png */ = {isa = PBXFileReference; lastKnownFileType = image.png; path = "book-cover-7.png"; sourceTree = "<group>"; };
		292D76671C826566008D55D6 /* search-7.png */ = {isa = PBXFileReference; lastKnownFileType = image.png; path = "search-7.png"; sourceTree = "<group>"; };
		292D76691C82666A008D55D6 /* message-7.png */ = {isa = PBXFileReference; lastKnownFileType = image.png; path = "message-7.png"; sourceTree = "<group>"; };
		292D766B1C82AF7F008D55D6 /* CenterViewController.swift */ = {isa = PBXFileReference; fileEncoding = 4; lastKnownFileType = sourcecode.swift; path = CenterViewController.swift; sourceTree = "<group>"; };
		294E65F71C8E2581007CEF92 /* libicucore.tbd */ = {isa = PBXFileReference; lastKnownFileType = "sourcecode.text-based-dylib-definition"; name = libicucore.tbd; path = usr/lib/libicucore.tbd; sourceTree = SDKROOT; };
		294E65F91C8E258F007CEF92 /* libc++.tbd */ = {isa = PBXFileReference; lastKnownFileType = "sourcecode.text-based-dylib-definition"; name = "libc++.tbd"; path = "usr/lib/libc++.tbd"; sourceTree = SDKROOT; };
		294E65FB1C8E2597007CEF92 /* CFNetwork.framework */ = {isa = PBXFileReference; lastKnownFileType = wrapper.framework; name = CFNetwork.framework; path = System/Library/Frameworks/CFNetwork.framework; sourceTree = SDKROOT; };
		294E65FD1C8E25A6007CEF92 /* Security.framework */ = {isa = PBXFileReference; lastKnownFileType = wrapper.framework; name = Security.framework; path = System/Library/Frameworks/Security.framework; sourceTree = SDKROOT; };
		294E65FF1C8E25B0007CEF92 /* SystemConfiguration.framework */ = {isa = PBXFileReference; lastKnownFileType = wrapper.framework; name = SystemConfiguration.framework; path = System/Library/Frameworks/SystemConfiguration.framework; sourceTree = SDKROOT; };
		294E66041C8E27A1007CEF92 /* Telemedicine Assistant-Bridging-Header.h */ = {isa = PBXFileReference; lastKnownFileType = sourcecode.c.h; path = "Telemedicine Assistant-Bridging-Header.h"; sourceTree = "<group>"; };
		294E66051C8E28A7007CEF92 /* Message.swift */ = {isa = PBXFileReference; fileEncoding = 4; lastKnownFileType = sourcecode.swift; path = Message.swift; sourceTree = "<group>"; };
		294E66981C8E2DEE007CEF92 /* JSQSystemSoundPlayer.h */ = {isa = PBXFileReference; fileEncoding = 4; lastKnownFileType = sourcecode.c.h; path = JSQSystemSoundPlayer.h; sourceTree = "<group>"; };
		294E66991C8E2DEE007CEF92 /* JSQSystemSoundPlayer.m */ = {isa = PBXFileReference; fileEncoding = 4; lastKnownFileType = sourcecode.c.objc; path = JSQSystemSoundPlayer.m; sourceTree = "<group>"; };
		294E669E1C8E2E1C007CEF92 /* bubble.png */ = {isa = PBXFileReference; lastKnownFileType = image.png; path = bubble.png; sourceTree = "<group>"; };
		294E669F1C8E2E1C007CEF92 /* bubble@2x.png */ = {isa = PBXFileReference; lastKnownFileType = image.png; path = "bubble@2x.png"; sourceTree = "<group>"; };
		294E66A01C8E2E1C007CEF92 /* bubble_min.png */ = {isa = PBXFileReference; lastKnownFileType = image.png; path = bubble_min.png; sourceTree = "<group>"; };
		294E66A11C8E2E1C007CEF92 /* bubble_min@2x.png */ = {isa = PBXFileReference; lastKnownFileType = image.png; path = "bubble_min@2x.png"; sourceTree = "<group>"; };
		294E66A21C8E2E1C007CEF92 /* bubble_min_tailless.png */ = {isa = PBXFileReference; lastKnownFileType = image.png; path = bubble_min_tailless.png; sourceTree = "<group>"; };
		294E66A31C8E2E1C007CEF92 /* bubble_min_tailless@2x.png */ = {isa = PBXFileReference; lastKnownFileType = image.png; path = "bubble_min_tailless@2x.png"; sourceTree = "<group>"; };
		294E66A41C8E2E1C007CEF92 /* bubble_stroked.png */ = {isa = PBXFileReference; lastKnownFileType = image.png; path = bubble_stroked.png; sourceTree = "<group>"; };
		294E66A51C8E2E1C007CEF92 /* bubble_stroked@2x.png */ = {isa = PBXFileReference; lastKnownFileType = image.png; path = "bubble_stroked@2x.png"; sourceTree = "<group>"; };
		294E66A61C8E2E1C007CEF92 /* bubble_stroked_tailless.png */ = {isa = PBXFileReference; lastKnownFileType = image.png; path = bubble_stroked_tailless.png; sourceTree = "<group>"; };
		294E66A71C8E2E1C007CEF92 /* bubble_stroked_tailless@2x.png */ = {isa = PBXFileReference; lastKnownFileType = image.png; path = "bubble_stroked_tailless@2x.png"; sourceTree = "<group>"; };
		294E66A81C8E2E1C007CEF92 /* bubble_tailless.png */ = {isa = PBXFileReference; lastKnownFileType = image.png; path = bubble_tailless.png; sourceTree = "<group>"; };
		294E66A91C8E2E1C007CEF92 /* bubble_tailless@2x.png */ = {isa = PBXFileReference; lastKnownFileType = image.png; path = "bubble_tailless@2x.png"; sourceTree = "<group>"; };
		294E66AA1C8E2E1C007CEF92 /* camera.png */ = {isa = PBXFileReference; lastKnownFileType = image.png; path = camera.png; sourceTree = "<group>"; };
		294E66AB1C8E2E1C007CEF92 /* camera@2x.png */ = {isa = PBXFileReference; lastKnownFileType = image.png; path = "camera@2x.png"; sourceTree = "<group>"; };
		294E66AC1C8E2E1C007CEF92 /* typing.png */ = {isa = PBXFileReference; lastKnownFileType = image.png; path = typing.png; sourceTree = "<group>"; };
		294E66AD1C8E2E1C007CEF92 /* typing@2x.png */ = {isa = PBXFileReference; lastKnownFileType = image.png; path = "typing@2x.png"; sourceTree = "<group>"; };
		294E66AF1C8E2E1C007CEF92 /* message_received.aiff */ = {isa = PBXFileReference; lastKnownFileType = audio.aiff; path = message_received.aiff; sourceTree = "<group>"; };
		294E66B01C8E2E1C007CEF92 /* message_sent.aiff */ = {isa = PBXFileReference; lastKnownFileType = audio.aiff; path = message_sent.aiff; sourceTree = "<group>"; };
		294E66B21C8E2E1C007CEF92 /* JSQSystemSoundPlayer+JSQMessages.h */ = {isa = PBXFileReference; fileEncoding = 4; lastKnownFileType = sourcecode.c.h; path = "JSQSystemSoundPlayer+JSQMessages.h"; sourceTree = "<group>"; };
		294E66B31C8E2E1C007CEF92 /* JSQSystemSoundPlayer+JSQMessages.m */ = {isa = PBXFileReference; fileEncoding = 4; lastKnownFileType = sourcecode.c.objc; path = "JSQSystemSoundPlayer+JSQMessages.m"; sourceTree = "<group>"; };
		294E66B41C8E2E1C007CEF92 /* NSString+JSQMessages.h */ = {isa = PBXFileReference; fileEncoding = 4; lastKnownFileType = sourcecode.c.h; path = "NSString+JSQMessages.h"; sourceTree = "<group>"; };
		294E66B51C8E2E1C007CEF92 /* NSString+JSQMessages.m */ = {isa = PBXFileReference; fileEncoding = 4; lastKnownFileType = sourcecode.c.objc; path = "NSString+JSQMessages.m"; sourceTree = "<group>"; };
		294E66B61C8E2E1C007CEF92 /* UIColor+JSQMessages.h */ = {isa = PBXFileReference; fileEncoding = 4; lastKnownFileType = sourcecode.c.h; path = "UIColor+JSQMessages.h"; sourceTree = "<group>"; };
		294E66B71C8E2E1C007CEF92 /* UIColor+JSQMessages.m */ = {isa = PBXFileReference; fileEncoding = 4; lastKnownFileType = sourcecode.c.objc; path = "UIColor+JSQMessages.m"; sourceTree = "<group>"; };
		294E66B81C8E2E1C007CEF92 /* UIImage+JSQMessages.h */ = {isa = PBXFileReference; fileEncoding = 4; lastKnownFileType = sourcecode.c.h; path = "UIImage+JSQMessages.h"; sourceTree = "<group>"; };
		294E66B91C8E2E1C007CEF92 /* UIImage+JSQMessages.m */ = {isa = PBXFileReference; fileEncoding = 4; lastKnownFileType = sourcecode.c.objc; path = "UIImage+JSQMessages.m"; sourceTree = "<group>"; };
		294E66BA1C8E2E1C007CEF92 /* UIView+JSQMessages.h */ = {isa = PBXFileReference; fileEncoding = 4; lastKnownFileType = sourcecode.c.h; path = "UIView+JSQMessages.h"; sourceTree = "<group>"; };
		294E66BB1C8E2E1C007CEF92 /* UIView+JSQMessages.m */ = {isa = PBXFileReference; fileEncoding = 4; lastKnownFileType = sourcecode.c.objc; path = "UIView+JSQMessages.m"; sourceTree = "<group>"; };
		294E66BD1C8E2E1C007CEF92 /* JSQMessagesKeyboardController.h */ = {isa = PBXFileReference; fileEncoding = 4; lastKnownFileType = sourcecode.c.h; path = JSQMessagesKeyboardController.h; sourceTree = "<group>"; };
		294E66BE1C8E2E1C007CEF92 /* JSQMessagesKeyboardController.m */ = {isa = PBXFileReference; fileEncoding = 4; lastKnownFileType = sourcecode.c.objc; path = JSQMessagesKeyboardController.m; sourceTree = "<group>"; };
		294E66BF1C8E2E1C007CEF92 /* JSQMessagesViewController.h */ = {isa = PBXFileReference; fileEncoding = 4; lastKnownFileType = sourcecode.c.h; path = JSQMessagesViewController.h; sourceTree = "<group>"; };
		294E66C01C8E2E1C007CEF92 /* JSQMessagesViewController.m */ = {isa = PBXFileReference; fileEncoding = 4; lastKnownFileType = sourcecode.c.objc; path = JSQMessagesViewController.m; sourceTree = "<group>"; };
		294E66C11C8E2E1C007CEF92 /* JSQMessagesViewController.xib */ = {isa = PBXFileReference; fileEncoding = 4; lastKnownFileType = file.xib; path = JSQMessagesViewController.xib; sourceTree = "<group>"; };
		294E66C31C8E2E1C007CEF92 /* JSQMessagesAvatarFactory.h */ = {isa = PBXFileReference; fileEncoding = 4; lastKnownFileType = sourcecode.c.h; path = JSQMessagesAvatarFactory.h; sourceTree = "<group>"; };
		294E66C41C8E2E1C007CEF92 /* JSQMessagesAvatarFactory.m */ = {isa = PBXFileReference; fileEncoding = 4; lastKnownFileType = sourcecode.c.objc; path = JSQMessagesAvatarFactory.m; sourceTree = "<group>"; };
		294E66C51C8E2E1C007CEF92 /* JSQMessagesBubbleImageFactory.h */ = {isa = PBXFileReference; fileEncoding = 4; lastKnownFileType = sourcecode.c.h; path = JSQMessagesBubbleImageFactory.h; sourceTree = "<group>"; };
		294E66C61C8E2E1C007CEF92 /* JSQMessagesBubbleImageFactory.m */ = {isa = PBXFileReference; fileEncoding = 4; lastKnownFileType = sourcecode.c.objc; path = JSQMessagesBubbleImageFactory.m; sourceTree = "<group>"; };
		294E66C71C8E2E1C007CEF92 /* JSQMessagesTimestampFormatter.h */ = {isa = PBXFileReference; fileEncoding = 4; lastKnownFileType = sourcecode.c.h; path = JSQMessagesTimestampFormatter.h; sourceTree = "<group>"; };
		294E66C81C8E2E1C007CEF92 /* JSQMessagesTimestampFormatter.m */ = {isa = PBXFileReference; fileEncoding = 4; lastKnownFileType = sourcecode.c.objc; path = JSQMessagesTimestampFormatter.m; sourceTree = "<group>"; };
		294E66C91C8E2E1C007CEF92 /* JSQMessagesToolbarButtonFactory.h */ = {isa = PBXFileReference; fileEncoding = 4; lastKnownFileType = sourcecode.c.h; path = JSQMessagesToolbarButtonFactory.h; sourceTree = "<group>"; };
		294E66CA1C8E2E1C007CEF92 /* JSQMessagesToolbarButtonFactory.m */ = {isa = PBXFileReference; fileEncoding = 4; lastKnownFileType = sourcecode.c.objc; path = JSQMessagesToolbarButtonFactory.m; sourceTree = "<group>"; };
		294E66CB1C8E2E1C007CEF92 /* JSQMessages.h */ = {isa = PBXFileReference; fileEncoding = 4; lastKnownFileType = sourcecode.c.h; path = JSQMessages.h; sourceTree = "<group>"; };
		294E66CD1C8E2E1C007CEF92 /* JSQMessagesCollectionViewFlowLayout.h */ = {isa = PBXFileReference; fileEncoding = 4; lastKnownFileType = sourcecode.c.h; path = JSQMessagesCollectionViewFlowLayout.h; sourceTree = "<group>"; };
		294E66CE1C8E2E1C007CEF92 /* JSQMessagesCollectionViewFlowLayout.m */ = {isa = PBXFileReference; fileEncoding = 4; lastKnownFileType = sourcecode.c.objc; path = JSQMessagesCollectionViewFlowLayout.m; sourceTree = "<group>"; };
		294E66CF1C8E2E1C007CEF92 /* JSQMessagesCollectionViewFlowLayoutInvalidationContext.h */ = {isa = PBXFileReference; fileEncoding = 4; lastKnownFileType = sourcecode.c.h; path = JSQMessagesCollectionViewFlowLayoutInvalidationContext.h; sourceTree = "<group>"; };
		294E66D01C8E2E1C007CEF92 /* JSQMessagesCollectionViewFlowLayoutInvalidationContext.m */ = {isa = PBXFileReference; fileEncoding = 4; lastKnownFileType = sourcecode.c.objc; path = JSQMessagesCollectionViewFlowLayoutInvalidationContext.m; sourceTree = "<group>"; };
		294E66D11C8E2E1C007CEF92 /* JSQMessagesCollectionViewLayoutAttributes.h */ = {isa = PBXFileReference; fileEncoding = 4; lastKnownFileType = sourcecode.c.h; path = JSQMessagesCollectionViewLayoutAttributes.h; sourceTree = "<group>"; };
		294E66D21C8E2E1C007CEF92 /* JSQMessagesCollectionViewLayoutAttributes.m */ = {isa = PBXFileReference; fileEncoding = 4; lastKnownFileType = sourcecode.c.objc; path = JSQMessagesCollectionViewLayoutAttributes.m; sourceTree = "<group>"; };
		294E66D41C8E2E1C007CEF92 /* JSQMessage.h */ = {isa = PBXFileReference; fileEncoding = 4; lastKnownFileType = sourcecode.c.h; path = JSQMessage.h; sourceTree = "<group>"; };
		294E66D51C8E2E1C007CEF92 /* JSQMessage.m */ = {isa = PBXFileReference; fileEncoding = 4; lastKnownFileType = sourcecode.c.objc; path = JSQMessage.m; sourceTree = "<group>"; };
		294E66D61C8E2E1C007CEF92 /* JSQMessageData.h */ = {isa = PBXFileReference; fileEncoding = 4; lastKnownFileType = sourcecode.c.h; path = JSQMessageData.h; sourceTree = "<group>"; };
		294E66D81C8E2E1C007CEF92 /* JSQMessagesCollectionView.h */ = {isa = PBXFileReference; fileEncoding = 4; lastKnownFileType = sourcecode.c.h; path = JSQMessagesCollectionView.h; sourceTree = "<group>"; };
		294E66D91C8E2E1C007CEF92 /* JSQMessagesCollectionView.m */ = {isa = PBXFileReference; fileEncoding = 4; lastKnownFileType = sourcecode.c.objc; path = JSQMessagesCollectionView.m; sourceTree = "<group>"; };
		294E66DA1C8E2E1C007CEF92 /* JSQMessagesCollectionViewCell.h */ = {isa = PBXFileReference; fileEncoding = 4; lastKnownFileType = sourcecode.c.h; path = JSQMessagesCollectionViewCell.h; sourceTree = "<group>"; };
		294E66DB1C8E2E1C007CEF92 /* JSQMessagesCollectionViewCell.m */ = {isa = PBXFileReference; fileEncoding = 4; lastKnownFileType = sourcecode.c.objc; path = JSQMessagesCollectionViewCell.m; sourceTree = "<group>"; };
		294E66DC1C8E2E1C007CEF92 /* JSQMessagesCollectionViewCellIncoming.h */ = {isa = PBXFileReference; fileEncoding = 4; lastKnownFileType = sourcecode.c.h; path = JSQMessagesCollectionViewCellIncoming.h; sourceTree = "<group>"; };
		294E66DD1C8E2E1C007CEF92 /* JSQMessagesCollectionViewCellIncoming.m */ = {isa = PBXFileReference; fileEncoding = 4; lastKnownFileType = sourcecode.c.objc; path = JSQMessagesCollectionViewCellIncoming.m; sourceTree = "<group>"; };
		294E66DE1C8E2E1C007CEF92 /* JSQMessagesCollectionViewCellIncoming.xib */ = {isa = PBXFileReference; fileEncoding = 4; lastKnownFileType = file.xib; path = JSQMessagesCollectionViewCellIncoming.xib; sourceTree = "<group>"; };
		294E66DF1C8E2E1C007CEF92 /* JSQMessagesCollectionViewCellOutgoing.h */ = {isa = PBXFileReference; fileEncoding = 4; lastKnownFileType = sourcecode.c.h; path = JSQMessagesCollectionViewCellOutgoing.h; sourceTree = "<group>"; };
		294E66E01C8E2E1C007CEF92 /* JSQMessagesCollectionViewCellOutgoing.m */ = {isa = PBXFileReference; fileEncoding = 4; lastKnownFileType = sourcecode.c.objc; path = JSQMessagesCollectionViewCellOutgoing.m; sourceTree = "<group>"; };
		294E66E11C8E2E1C007CEF92 /* JSQMessagesCollectionViewCellOutgoing.xib */ = {isa = PBXFileReference; fileEncoding = 4; lastKnownFileType = file.xib; path = JSQMessagesCollectionViewCellOutgoing.xib; sourceTree = "<group>"; };
		294E66E21C8E2E1C007CEF92 /* JSQMessagesComposerTextView.h */ = {isa = PBXFileReference; fileEncoding = 4; lastKnownFileType = sourcecode.c.h; path = JSQMessagesComposerTextView.h; sourceTree = "<group>"; };
		294E66E31C8E2E1C007CEF92 /* JSQMessagesComposerTextView.m */ = {isa = PBXFileReference; fileEncoding = 4; lastKnownFileType = sourcecode.c.objc; path = JSQMessagesComposerTextView.m; sourceTree = "<group>"; };
		294E66E41C8E2E1C007CEF92 /* JSQMessagesInputToolbar.h */ = {isa = PBXFileReference; fileEncoding = 4; lastKnownFileType = sourcecode.c.h; path = JSQMessagesInputToolbar.h; sourceTree = "<group>"; };
		294E66E51C8E2E1C007CEF92 /* JSQMessagesInputToolbar.m */ = {isa = PBXFileReference; fileEncoding = 4; lastKnownFileType = sourcecode.c.objc; path = JSQMessagesInputToolbar.m; sourceTree = "<group>"; };
		294E66E61C8E2E1C007CEF92 /* JSQMessagesLabel.h */ = {isa = PBXFileReference; fileEncoding = 4; lastKnownFileType = sourcecode.c.h; path = JSQMessagesLabel.h; sourceTree = "<group>"; };
		294E66E71C8E2E1C007CEF92 /* JSQMessagesLabel.m */ = {isa = PBXFileReference; fileEncoding = 4; lastKnownFileType = sourcecode.c.objc; path = JSQMessagesLabel.m; sourceTree = "<group>"; };
		294E66E81C8E2E1C007CEF92 /* JSQMessagesLoadEarlierHeaderView.h */ = {isa = PBXFileReference; fileEncoding = 4; lastKnownFileType = sourcecode.c.h; path = JSQMessagesLoadEarlierHeaderView.h; sourceTree = "<group>"; };
		294E66E91C8E2E1C007CEF92 /* JSQMessagesLoadEarlierHeaderView.m */ = {isa = PBXFileReference; fileEncoding = 4; lastKnownFileType = sourcecode.c.objc; path = JSQMessagesLoadEarlierHeaderView.m; sourceTree = "<group>"; };
		294E66EA1C8E2E1C007CEF92 /* JSQMessagesLoadEarlierHeaderView.xib */ = {isa = PBXFileReference; fileEncoding = 4; lastKnownFileType = file.xib; path = JSQMessagesLoadEarlierHeaderView.xib; sourceTree = "<group>"; };
		294E66EB1C8E2E1C007CEF92 /* JSQMessagesToolbarContentView.h */ = {isa = PBXFileReference; fileEncoding = 4; lastKnownFileType = sourcecode.c.h; path = JSQMessagesToolbarContentView.h; sourceTree = "<group>"; };
		294E66EC1C8E2E1C007CEF92 /* JSQMessagesToolbarContentView.m */ = {isa = PBXFileReference; fileEncoding = 4; lastKnownFileType = sourcecode.c.objc; path = JSQMessagesToolbarContentView.m; sourceTree = "<group>"; };
		294E66ED1C8E2E1C007CEF92 /* JSQMessagesToolbarContentView.xib */ = {isa = PBXFileReference; fileEncoding = 4; lastKnownFileType = file.xib; path = JSQMessagesToolbarContentView.xib; sourceTree = "<group>"; };
		294E66EE1C8E2E1C007CEF92 /* JSQMessagesTypingIndicatorFooterView.h */ = {isa = PBXFileReference; fileEncoding = 4; lastKnownFileType = sourcecode.c.h; path = JSQMessagesTypingIndicatorFooterView.h; sourceTree = "<group>"; };
		294E66EF1C8E2E1C007CEF92 /* JSQMessagesTypingIndicatorFooterView.m */ = {isa = PBXFileReference; fileEncoding = 4; lastKnownFileType = sourcecode.c.objc; path = JSQMessagesTypingIndicatorFooterView.m; sourceTree = "<group>"; };
		294E66F01C8E2E1C007CEF92 /* JSQMessagesTypingIndicatorFooterView.xib */ = {isa = PBXFileReference; fileEncoding = 4; lastKnownFileType = file.xib; path = JSQMessagesTypingIndicatorFooterView.xib; sourceTree = "<group>"; };
		29672A381C88DF0400B2B237 /* ProfileViewController.swift */ = {isa = PBXFileReference; fileEncoding = 4; lastKnownFileType = sourcecode.swift; path = ProfileViewController.swift; sourceTree = "<group>"; };
		29672A3A1C88E3D100B2B237 /* Profile.swift */ = {isa = PBXFileReference; fileEncoding = 4; lastKnownFileType = sourcecode.swift; path = Profile.swift; sourceTree = "<group>"; };
		29672A3C1C88E7DF00B2B237 /* ProfileTableViewController.swift */ = {isa = PBXFileReference; fileEncoding = 4; lastKnownFileType = sourcecode.swift; path = ProfileTableViewController.swift; sourceTree = "<group>"; };
		2989DC851C8F4A4B008ECCF8 /* Firebase.framework */ = {isa = PBXFileReference; lastKnownFileType = wrapper.framework; path = Firebase.framework; sourceTree = "<group>"; };
		299EDCCE1C71593A007CDFAD /* Telemedicine Assistant.app */ = {isa = PBXFileReference; explicitFileType = wrapper.application; includeInIndex = 0; path = "Telemedicine Assistant.app"; sourceTree = BUILT_PRODUCTS_DIR; };
		299EDCD11C71593A007CDFAD /* AppDelegate.swift */ = {isa = PBXFileReference; lastKnownFileType = sourcecode.swift; path = AppDelegate.swift; sourceTree = "<group>"; };
		299EDCD31C71593A007CDFAD /* FirstViewController.swift */ = {isa = PBXFileReference; lastKnownFileType = sourcecode.swift; path = FirstViewController.swift; sourceTree = "<group>"; };
		299EDCD51C71593A007CDFAD /* ClinicViewController.swift */ = {isa = PBXFileReference; lastKnownFileType = sourcecode.swift; path = ClinicViewController.swift; sourceTree = "<group>"; };
		299EDCD81C71593A007CDFAD /* Base */ = {isa = PBXFileReference; lastKnownFileType = file.storyboard; name = Base; path = Base.lproj/Main.storyboard; sourceTree = "<group>"; };
		299EDCDA1C71593A007CDFAD /* Assets.xcassets */ = {isa = PBXFileReference; lastKnownFileType = folder.assetcatalog; path = Assets.xcassets; sourceTree = "<group>"; };
		299EDCDD1C71593A007CDFAD /* Base */ = {isa = PBXFileReference; lastKnownFileType = file.storyboard; name = Base; path = Base.lproj/LaunchScreen.storyboard; sourceTree = "<group>"; };
		299EDCDF1C71593A007CDFAD /* Info.plist */ = {isa = PBXFileReference; lastKnownFileType = text.plist.xml; path = Info.plist; sourceTree = "<group>"; };
		299EDCE51C715A8D007CDFAD /* Medicine.swift */ = {isa = PBXFileReference; fileEncoding = 4; lastKnownFileType = sourcecode.swift; path = Medicine.swift; sourceTree = "<group>"; };
		299EDCE71C715E53007CDFAD /* PrescriptionTableViewController.swift */ = {isa = PBXFileReference; fileEncoding = 4; lastKnownFileType = sourcecode.swift; path = PrescriptionTableViewController.swift; sourceTree = "<group>"; };
		299EDCE91C7166C3007CDFAD /* MedicineDetailViewController.swift */ = {isa = PBXFileReference; fileEncoding = 4; lastKnownFileType = sourcecode.swift; path = MedicineDetailViewController.swift; sourceTree = "<group>"; };
		29AD0F201C82B69500ED7A36 /* AdviserViewController.swift */ = {isa = PBXFileReference; fileEncoding = 4; lastKnownFileType = sourcecode.swift; path = AdviserViewController.swift; sourceTree = "<group>"; };
		29AD0F221C87459A00ED7A36 /* ReminderCollectionViewController.swift */ = {isa = PBXFileReference; fileEncoding = 4; lastKnownFileType = sourcecode.swift; path = ReminderCollectionViewController.swift; sourceTree = "<group>"; };
		29AD0F241C87511900ED7A36 /* MedicineCollectionViewCell.swift */ = {isa = PBXFileReference; fileEncoding = 4; lastKnownFileType = sourcecode.swift; path = MedicineCollectionViewCell.swift; sourceTree = "<group>"; };
/* End PBXFileReference section */

/* Begin PBXFrameworksBuildPhase section */
		299EDCCB1C71593A007CDFAD /* Frameworks */ = {
			isa = PBXFrameworksBuildPhase;
			buildActionMask = 2147483647;
			files = (
				294E66001C8E25B0007CEF92 /* SystemConfiguration.framework in Frameworks */,
				2989DC861C8F4A4B008ECCF8 /* Firebase.framework in Frameworks */,
				294E65FE1C8E25A6007CEF92 /* Security.framework in Frameworks */,
				294E65FC1C8E2597007CEF92 /* CFNetwork.framework in Frameworks */,
				294E65FA1C8E258F007CEF92 /* libc++.tbd in Frameworks */,
				294E65F81C8E2581007CEF92 /* libicucore.tbd in Frameworks */,
			);
			runOnlyForDeploymentPostprocessing = 0;
		};
/* End PBXFrameworksBuildPhase section */

/* Begin PBXGroup section */
		2915B3A11C812FF5000BDB5F /* Images */ = {
			isa = PBXGroup;
			children = (
				292D765F1C826036008D55D6 /* Clock-50.png */,
				2915B3A21C813006000BDB5F /* Analgin.jpg */,
				2915B3A31C813006000BDB5F /* Aspirin.jpg */,
				2915B3A41C813006000BDB5F /* Avelox.jpeg */,
				2915B3A51C813006000BDB5F /* Benadryl.jpg */,
				2915B3A61C813006000BDB5F /* Buckley.jpg */,
				2915B3A71C813006000BDB5F /* Bufferin.jpeg */,
				2915B3A81C813006000BDB5F /* CLARITYNE.jpg */,
				2915B3A91C813006000BDB5F /* Contac NT.jpg */,
				2915B3AA1C813006000BDB5F /* Cortizone 10.jpg */,
				292D76611C8263B6008D55D6 /* clock-7.png */,
				2915B3AB1C813006000BDB5F /* Dicetel.jpg */,
				2915B3AC1C813006000BDB5F /* Dulcolax.png */,
				2915B3AD1C813006000BDB5F /* Ibuprofen Suspension.gif */,
				2915B3AE1C813006000BDB5F /* Imodium.jpg */,
				2915B3AF1C813006000BDB5F /* Lotrimin.jpg */,
				2915B3B01C813006000BDB5F /* Motilium.jpg */,
				2915B3B11C813006000BDB5F /* Mucosolvan.jpg */,
				2915B3B21C813006000BDB5F /* Neosporin.jpg */,
				2915B3B31C813006000BDB5F /* Peptobismol.jpg */,
				2915B3B41C813006000BDB5F /* Prevacid.jpg */,
				2915B3B51C813006000BDB5F /* Prilosec.GIF */,
				292D76631C82645C008D55D6 /* clock-alarm-7.png */,
				2915B3B61C813006000BDB5F /* Smecta.jpg */,
				2915B3B71C813006000BDB5F /* Sudafed PE.jpg */,
				2915B3B81C813006000BDB5F /* tylenol.jpg */,
				2915B3B91C813006000BDB5F /* Zantac.jpg */,
				2915B3BA1C813006000BDB5F /* Zegerid.jpg */,
				292D76651C826510008D55D6 /* book-cover-7.png */,
				292D76671C826566008D55D6 /* search-7.png */,
				292D76691C82666A008D55D6 /* message-7.png */,
			);
			name = Images;
			sourceTree = "<group>";
		};
		294E66961C8E2DEE007CEF92 /* JSQSystemSoundPlayer */ = {
			isa = PBXGroup;
			children = (
				294E66971C8E2DEE007CEF92 /* Classes */,
			);
			path = JSQSystemSoundPlayer;
			sourceTree = "<group>";
		};
		294E66971C8E2DEE007CEF92 /* Classes */ = {
			isa = PBXGroup;
			children = (
				294E66981C8E2DEE007CEF92 /* JSQSystemSoundPlayer.h */,
				294E66991C8E2DEE007CEF92 /* JSQSystemSoundPlayer.m */,
			);
			path = Classes;
			sourceTree = "<group>";
		};
		294E669B1C8E2E1C007CEF92 /* JSQMessagesViewController */ = {
			isa = PBXGroup;
			children = (
				294E669C1C8E2E1C007CEF92 /* Assets */,
				294E66B11C8E2E1C007CEF92 /* Categories */,
				294E66BC1C8E2E1C007CEF92 /* Controllers */,
				294E66C21C8E2E1C007CEF92 /* Factories */,
				294E66CB1C8E2E1C007CEF92 /* JSQMessages.h */,
				294E66CC1C8E2E1C007CEF92 /* Layout */,
				294E66D31C8E2E1C007CEF92 /* Model */,
				294E66D71C8E2E1C007CEF92 /* Views */,
			);
			path = JSQMessagesViewController;
			sourceTree = "<group>";
		};
		294E669C1C8E2E1C007CEF92 /* Assets */ = {
			isa = PBXGroup;
			children = (
				294E669D1C8E2E1C007CEF92 /* Images */,
				294E66AE1C8E2E1C007CEF92 /* Sounds */,
			);
			path = Assets;
			sourceTree = "<group>";
		};
		294E669D1C8E2E1C007CEF92 /* Images */ = {
			isa = PBXGroup;
			children = (
				294E669E1C8E2E1C007CEF92 /* bubble.png */,
				294E669F1C8E2E1C007CEF92 /* bubble@2x.png */,
				294E66A01C8E2E1C007CEF92 /* bubble_min.png */,
				294E66A11C8E2E1C007CEF92 /* bubble_min@2x.png */,
				294E66A21C8E2E1C007CEF92 /* bubble_min_tailless.png */,
				294E66A31C8E2E1C007CEF92 /* bubble_min_tailless@2x.png */,
				294E66A41C8E2E1C007CEF92 /* bubble_stroked.png */,
				294E66A51C8E2E1C007CEF92 /* bubble_stroked@2x.png */,
				294E66A61C8E2E1C007CEF92 /* bubble_stroked_tailless.png */,
				294E66A71C8E2E1C007CEF92 /* bubble_stroked_tailless@2x.png */,
				294E66A81C8E2E1C007CEF92 /* bubble_tailless.png */,
				294E66A91C8E2E1C007CEF92 /* bubble_tailless@2x.png */,
				294E66AA1C8E2E1C007CEF92 /* camera.png */,
				294E66AB1C8E2E1C007CEF92 /* camera@2x.png */,
				294E66AC1C8E2E1C007CEF92 /* typing.png */,
				294E66AD1C8E2E1C007CEF92 /* typing@2x.png */,
			);
			path = Images;
			sourceTree = "<group>";
		};
		294E66AE1C8E2E1C007CEF92 /* Sounds */ = {
			isa = PBXGroup;
			children = (
				294E66AF1C8E2E1C007CEF92 /* message_received.aiff */,
				294E66B01C8E2E1C007CEF92 /* message_sent.aiff */,
			);
			path = Sounds;
			sourceTree = "<group>";
		};
		294E66B11C8E2E1C007CEF92 /* Categories */ = {
			isa = PBXGroup;
			children = (
				294E66B21C8E2E1C007CEF92 /* JSQSystemSoundPlayer+JSQMessages.h */,
				294E66B31C8E2E1C007CEF92 /* JSQSystemSoundPlayer+JSQMessages.m */,
				294E66B41C8E2E1C007CEF92 /* NSString+JSQMessages.h */,
				294E66B51C8E2E1C007CEF92 /* NSString+JSQMessages.m */,
				294E66B61C8E2E1C007CEF92 /* UIColor+JSQMessages.h */,
				294E66B71C8E2E1C007CEF92 /* UIColor+JSQMessages.m */,
				294E66B81C8E2E1C007CEF92 /* UIImage+JSQMessages.h */,
				294E66B91C8E2E1C007CEF92 /* UIImage+JSQMessages.m */,
				294E66BA1C8E2E1C007CEF92 /* UIView+JSQMessages.h */,
				294E66BB1C8E2E1C007CEF92 /* UIView+JSQMessages.m */,
			);
			path = Categories;
			sourceTree = "<group>";
		};
		294E66BC1C8E2E1C007CEF92 /* Controllers */ = {
			isa = PBXGroup;
			children = (
				294E66BD1C8E2E1C007CEF92 /* JSQMessagesKeyboardController.h */,
				294E66BE1C8E2E1C007CEF92 /* JSQMessagesKeyboardController.m */,
				294E66BF1C8E2E1C007CEF92 /* JSQMessagesViewController.h */,
				294E66C01C8E2E1C007CEF92 /* JSQMessagesViewController.m */,
				294E66C11C8E2E1C007CEF92 /* JSQMessagesViewController.xib */,
			);
			path = Controllers;
			sourceTree = "<group>";
		};
		294E66C21C8E2E1C007CEF92 /* Factories */ = {
			isa = PBXGroup;
			children = (
				294E66C31C8E2E1C007CEF92 /* JSQMessagesAvatarFactory.h */,
				294E66C41C8E2E1C007CEF92 /* JSQMessagesAvatarFactory.m */,
				294E66C51C8E2E1C007CEF92 /* JSQMessagesBubbleImageFactory.h */,
				294E66C61C8E2E1C007CEF92 /* JSQMessagesBubbleImageFactory.m */,
				294E66C71C8E2E1C007CEF92 /* JSQMessagesTimestampFormatter.h */,
				294E66C81C8E2E1C007CEF92 /* JSQMessagesTimestampFormatter.m */,
				294E66C91C8E2E1C007CEF92 /* JSQMessagesToolbarButtonFactory.h */,
				294E66CA1C8E2E1C007CEF92 /* JSQMessagesToolbarButtonFactory.m */,
			);
			path = Factories;
			sourceTree = "<group>";
		};
		294E66CC1C8E2E1C007CEF92 /* Layout */ = {
			isa = PBXGroup;
			children = (
				294E66CD1C8E2E1C007CEF92 /* JSQMessagesCollectionViewFlowLayout.h */,
				294E66CE1C8E2E1C007CEF92 /* JSQMessagesCollectionViewFlowLayout.m */,
				294E66CF1C8E2E1C007CEF92 /* JSQMessagesCollectionViewFlowLayoutInvalidationContext.h */,
				294E66D01C8E2E1C007CEF92 /* JSQMessagesCollectionViewFlowLayoutInvalidationContext.m */,
				294E66D11C8E2E1C007CEF92 /* JSQMessagesCollectionViewLayoutAttributes.h */,
				294E66D21C8E2E1C007CEF92 /* JSQMessagesCollectionViewLayoutAttributes.m */,
			);
			path = Layout;
			sourceTree = "<group>";
		};
		294E66D31C8E2E1C007CEF92 /* Model */ = {
			isa = PBXGroup;
			children = (
				294E66D41C8E2E1C007CEF92 /* JSQMessage.h */,
				294E66D51C8E2E1C007CEF92 /* JSQMessage.m */,
				294E66D61C8E2E1C007CEF92 /* JSQMessageData.h */,
			);
			path = Model;
			sourceTree = "<group>";
		};
		294E66D71C8E2E1C007CEF92 /* Views */ = {
			isa = PBXGroup;
			children = (
				294E66D81C8E2E1C007CEF92 /* JSQMessagesCollectionView.h */,
				294E66D91C8E2E1C007CEF92 /* JSQMessagesCollectionView.m */,
				294E66DA1C8E2E1C007CEF92 /* JSQMessagesCollectionViewCell.h */,
				294E66DB1C8E2E1C007CEF92 /* JSQMessagesCollectionViewCell.m */,
				294E66DC1C8E2E1C007CEF92 /* JSQMessagesCollectionViewCellIncoming.h */,
				294E66DD1C8E2E1C007CEF92 /* JSQMessagesCollectionViewCellIncoming.m */,
				294E66DE1C8E2E1C007CEF92 /* JSQMessagesCollectionViewCellIncoming.xib */,
				294E66DF1C8E2E1C007CEF92 /* JSQMessagesCollectionViewCellOutgoing.h */,
				294E66E01C8E2E1C007CEF92 /* JSQMessagesCollectionViewCellOutgoing.m */,
				294E66E11C8E2E1C007CEF92 /* JSQMessagesCollectionViewCellOutgoing.xib */,
				294E66E21C8E2E1C007CEF92 /* JSQMessagesComposerTextView.h */,
				294E66E31C8E2E1C007CEF92 /* JSQMessagesComposerTextView.m */,
				294E66E41C8E2E1C007CEF92 /* JSQMessagesInputToolbar.h */,
				294E66E51C8E2E1C007CEF92 /* JSQMessagesInputToolbar.m */,
				294E66E61C8E2E1C007CEF92 /* JSQMessagesLabel.h */,
				294E66E71C8E2E1C007CEF92 /* JSQMessagesLabel.m */,
				294E66E81C8E2E1C007CEF92 /* JSQMessagesLoadEarlierHeaderView.h */,
				294E66E91C8E2E1C007CEF92 /* JSQMessagesLoadEarlierHeaderView.m */,
				294E66EA1C8E2E1C007CEF92 /* JSQMessagesLoadEarlierHeaderView.xib */,
				294E66EB1C8E2E1C007CEF92 /* JSQMessagesToolbarContentView.h */,
				294E66EC1C8E2E1C007CEF92 /* JSQMessagesToolbarContentView.m */,
				294E66ED1C8E2E1C007CEF92 /* JSQMessagesToolbarContentView.xib */,
				294E66EE1C8E2E1C007CEF92 /* JSQMessagesTypingIndicatorFooterView.h */,
				294E66EF1C8E2E1C007CEF92 /* JSQMessagesTypingIndicatorFooterView.m */,
				294E66F01C8E2E1C007CEF92 /* JSQMessagesTypingIndicatorFooterView.xib */,
			);
			path = Views;
			sourceTree = "<group>";
		};
		299EDCC51C71593A007CDFAD = {
			isa = PBXGroup;
			children = (
				299EDCD01C71593A007CDFAD /* Telemedicine Assistant */,
				299EDCCF1C71593A007CDFAD /* Products */,
			);
			sourceTree = "<group>";
		};
		299EDCCF1C71593A007CDFAD /* Products */ = {
			isa = PBXGroup;
			children = (
				299EDCCE1C71593A007CDFAD /* Telemedicine Assistant.app */,
			);
			name = Products;
			sourceTree = "<group>";
		};
		299EDCD01C71593A007CDFAD /* Telemedicine Assistant */ = {
			isa = PBXGroup;
			children = (
				2915B3A11C812FF5000BDB5F /* Images */,
				299EDCFB1C7251C2007CDFAD /* Framework */,
				299EDCEB1C724F4B007CDFAD /* Library */,
				299EDCD11C71593A007CDFAD /* AppDelegate.swift */,
				299EDCD71C71593A007CDFAD /* Main.storyboard */,
				299EDCDA1C71593A007CDFAD /* Assets.xcassets */,
				299EDCDC1C71593A007CDFAD /* LaunchScreen.storyboard */,
				299EDCDF1C71593A007CDFAD /* Info.plist */,
				299EDCD31C71593A007CDFAD /* FirstViewController.swift */,
				299EDCD51C71593A007CDFAD /* ClinicViewController.swift */,
				299EDCE71C715E53007CDFAD /* PrescriptionTableViewController.swift */,
				299EDCE91C7166C3007CDFAD /* MedicineDetailViewController.swift */,
				292D766B1C82AF7F008D55D6 /* CenterViewController.swift */,
				29AD0F201C82B69500ED7A36 /* AdviserViewController.swift */,
				29AD0F221C87459A00ED7A36 /* ReminderCollectionViewController.swift */,
				29AD0F241C87511900ED7A36 /* MedicineCollectionViewCell.swift */,
				29672A381C88DF0400B2B237 /* ProfileViewController.swift */,
				29672A3C1C88E7DF00B2B237 /* ProfileTableViewController.swift */,
				29672A3A1C88E3D100B2B237 /* Profile.swift */,
				294E66051C8E28A7007CEF92 /* Message.swift */,
				299EDCE51C715A8D007CDFAD /* Medicine.swift */,
			);
			path = "Telemedicine Assistant";
			sourceTree = "<group>";
		};
		299EDCEB1C724F4B007CDFAD /* Library */ = {
			isa = PBXGroup;
			children = (
				294E66041C8E27A1007CEF92 /* Telemedicine Assistant-Bridging-Header.h */,
			);
			name = Library;
			sourceTree = "<group>";
		};
		299EDCFB1C7251C2007CDFAD /* Framework */ = {
			isa = PBXGroup;
			children = (
				294E669B1C8E2E1C007CEF92 /* JSQMessagesViewController */,
				294E66961C8E2DEE007CEF92 /* JSQSystemSoundPlayer */,
				294E65FF1C8E25B0007CEF92 /* SystemConfiguration.framework */,
				294E65FD1C8E25A6007CEF92 /* Security.framework */,
				294E65FB1C8E2597007CEF92 /* CFNetwork.framework */,
				294E65F91C8E258F007CEF92 /* libc++.tbd */,
				294E65F71C8E2581007CEF92 /* libicucore.tbd */,
				2989DC851C8F4A4B008ECCF8 /* Firebase.framework */,
			);
			name = Framework;
			sourceTree = "<group>";
		};
/* End PBXGroup section */

/* Begin PBXNativeTarget section */
		299EDCCD1C71593A007CDFAD /* Telemedicine Assistant */ = {
			isa = PBXNativeTarget;
			buildConfigurationList = 299EDCE21C71593A007CDFAD /* Build configuration list for PBXNativeTarget "Telemedicine Assistant" */;
			buildPhases = (
				299EDCCA1C71593A007CDFAD /* Sources */,
				299EDCCB1C71593A007CDFAD /* Frameworks */,
				299EDCCC1C71593A007CDFAD /* Resources */,
			);
			buildRules = (
			);
			dependencies = (
			);
			name = "Telemedicine Assistant";
			productName = "Telemedicine Assistant";
			productReference = 299EDCCE1C71593A007CDFAD /* Telemedicine Assistant.app */;
			productType = "com.apple.product-type.application";
		};
/* End PBXNativeTarget section */

/* Begin PBXProject section */
		299EDCC61C71593A007CDFAD /* Project object */ = {
			isa = PBXProject;
			attributes = {
				LastSwiftUpdateCheck = 0720;
				LastUpgradeCheck = 0720;
				ORGANIZATIONNAME = liuxuan;
				TargetAttributes = {
					299EDCCD1C71593A007CDFAD = {
						CreatedOnToolsVersion = 7.2;
						DevelopmentTeam = CT2J7QBHM5;
					};
				};
			};
			buildConfigurationList = 299EDCC91C71593A007CDFAD /* Build configuration list for PBXProject "Telemedicine Assistant" */;
			compatibilityVersion = "Xcode 3.2";
			developmentRegion = English;
			hasScannedForEncodings = 0;
			knownRegions = (
				en,
				Base,
			);
			mainGroup = 299EDCC51C71593A007CDFAD;
			productRefGroup = 299EDCCF1C71593A007CDFAD /* Products */;
			projectDirPath = "";
			projectRoot = "";
			targets = (
				299EDCCD1C71593A007CDFAD /* Telemedicine Assistant */,
			);
		};
/* End PBXProject section */

/* Begin PBXResourcesBuildPhase section */
		299EDCCC1C71593A007CDFAD /* Resources */ = {
			isa = PBXResourcesBuildPhase;
			buildActionMask = 2147483647;
			files = (
				294E66F31C8E2E1C007CEF92 /* bubble_min.png in Resources */,
				2915B3D31C813006000BDB5F /* Zegerid.jpg in Resources */,
				294E670A1C8E2E1C007CEF92 /* JSQMessagesViewController.xib in Resources */,
				2915B3C21C813006000BDB5F /* Contac NT.jpg in Resources */,
				292D76601C826036008D55D6 /* Clock-50.png in Resources */,
				2915B3BD1C813006000BDB5F /* Avelox.jpeg in Resources */,
				294E66F71C8E2E1C007CEF92 /* bubble_stroked.png in Resources */,
				294E66F41C8E2E1C007CEF92 /* bubble_min@2x.png in Resources */,
				292D76621C8263B6008D55D6 /* clock-7.png in Resources */,
				2915B3BF1C813006000BDB5F /* Buckley.jpg in Resources */,
				292D76641C82645C008D55D6 /* clock-alarm-7.png in Resources */,
				294E671F1C8E2E1C007CEF92 /* JSQMessagesToolbarContentView.xib in Resources */,
				294E66F11C8E2E1C007CEF92 /* bubble.png in Resources */,
				2915B3BB1C813006000BDB5F /* Analgin.jpg in Resources */,
				294E66FD1C8E2E1C007CEF92 /* camera.png in Resources */,
				2915B3D21C813006000BDB5F /* Zantac.jpg in Resources */,
				2915B3C11C813006000BDB5F /* CLARITYNE.jpg in Resources */,
				294E66FA1C8E2E1C007CEF92 /* bubble_stroked_tailless@2x.png in Resources */,
				294E67161C8E2E1C007CEF92 /* JSQMessagesCollectionViewCellIncoming.xib in Resources */,
				2915B3C31C813006000BDB5F /* Cortizone 10.jpg in Resources */,
				294E66F91C8E2E1C007CEF92 /* bubble_stroked_tailless.png in Resources */,
				294E67211C8E2E1C007CEF92 /* JSQMessagesTypingIndicatorFooterView.xib in Resources */,
				2915B3CF1C813006000BDB5F /* Smecta.jpg in Resources */,
				2915B3CE1C813006000BDB5F /* Prilosec.GIF in Resources */,
				2915B3C01C813006000BDB5F /* Bufferin.jpeg in Resources */,
				2915B3CD1C813006000BDB5F /* Prevacid.jpg in Resources */,
				2915B3C61C813006000BDB5F /* Ibuprofen Suspension.gif in Resources */,
				292D76681C826566008D55D6 /* search-7.png in Resources */,
				299EDCDE1C71593A007CDFAD /* LaunchScreen.storyboard in Resources */,
				2915B3CC1C813006000BDB5F /* Peptobismol.jpg in Resources */,
				2915B3D11C813006000BDB5F /* tylenol.jpg in Resources */,
				294E67181C8E2E1C007CEF92 /* JSQMessagesCollectionViewCellOutgoing.xib in Resources */,
				299EDCDB1C71593A007CDFAD /* Assets.xcassets in Resources */,
				2915B3BC1C813006000BDB5F /* Aspirin.jpg in Resources */,
				294E66FF1C8E2E1C007CEF92 /* typing.png in Resources */,
				2915B3C91C813006000BDB5F /* Motilium.jpg in Resources */,
				2915B3D01C813006000BDB5F /* Sudafed PE.jpg in Resources */,
				299EDCD91C71593A007CDFAD /* Main.storyboard in Resources */,
				2915B3C41C813006000BDB5F /* Dicetel.jpg in Resources */,
				2915B3BE1C813006000BDB5F /* Benadryl.jpg in Resources */,
				294E67011C8E2E1C007CEF92 /* message_received.aiff in Resources */,
				294E66F61C8E2E1C007CEF92 /* bubble_min_tailless@2x.png in Resources */,
				294E66FE1C8E2E1C007CEF92 /* camera@2x.png in Resources */,
				292D766A1C82666A008D55D6 /* message-7.png in Resources */,
				2915B3CA1C813006000BDB5F /* Mucosolvan.jpg in Resources */,
				294E66F21C8E2E1C007CEF92 /* bubble@2x.png in Resources */,
				294E66F81C8E2E1C007CEF92 /* bubble_stroked@2x.png in Resources */,
				294E66F51C8E2E1C007CEF92 /* bubble_min_tailless.png in Resources */,
				2915B3C71C813006000BDB5F /* Imodium.jpg in Resources */,
				2915B3CB1C813006000BDB5F /* Neosporin.jpg in Resources */,
				294E66FC1C8E2E1C007CEF92 /* bubble_tailless@2x.png in Resources */,
				2915B3C81C813006000BDB5F /* Lotrimin.jpg in Resources */,
				292D76661C826510008D55D6 /* book-cover-7.png in Resources */,
				294E671D1C8E2E1C007CEF92 /* JSQMessagesLoadEarlierHeaderView.xib in Resources */,
				294E66FB1C8E2E1C007CEF92 /* bubble_tailless.png in Resources */,
				2915B3C51C813006000BDB5F /* Dulcolax.png in Resources */,
				294E67001C8E2E1C007CEF92 /* typing@2x.png in Resources */,
				294E67021C8E2E1C007CEF92 /* message_sent.aiff in Resources */,
			);
			runOnlyForDeploymentPostprocessing = 0;
		};
/* End PBXResourcesBuildPhase section */

/* Begin PBXSourcesBuildPhase section */
		299EDCCA1C71593A007CDFAD /* Sources */ = {
			isa = PBXSourcesBuildPhase;
			buildActionMask = 2147483647;
			files = (
				294E670F1C8E2E1C007CEF92 /* JSQMessagesCollectionViewFlowLayout.m in Sources */,
				294E671C1C8E2E1C007CEF92 /* JSQMessagesLoadEarlierHeaderView.m in Sources */,
				294E671A1C8E2E1C007CEF92 /* JSQMessagesInputToolbar.m in Sources */,
				29AD0F251C87511900ED7A36 /* MedicineCollectionViewCell.swift in Sources */,
				294E670E1C8E2E1C007CEF92 /* JSQMessagesToolbarButtonFactory.m in Sources */,
				294E67131C8E2E1C007CEF92 /* JSQMessagesCollectionView.m in Sources */,
				29AD0F231C87459A00ED7A36 /* ReminderCollectionViewController.swift in Sources */,
				294E671E1C8E2E1C007CEF92 /* JSQMessagesToolbarContentView.m in Sources */,
				29672A391C88DF0400B2B237 /* ProfileViewController.swift in Sources */,
				294E67031C8E2E1C007CEF92 /* JSQSystemSoundPlayer+JSQMessages.m in Sources */,
				294E67141C8E2E1C007CEF92 /* JSQMessagesCollectionViewCell.m in Sources */,
				294E67051C8E2E1C007CEF92 /* UIColor+JSQMessages.m in Sources */,
				299EDCD61C71593A007CDFAD /* ClinicViewController.swift in Sources */,
				294E67041C8E2E1C007CEF92 /* NSString+JSQMessages.m in Sources */,
				294E670C1C8E2E1C007CEF92 /* JSQMessagesBubbleImageFactory.m in Sources */,
				299EDCD21C71593A007CDFAD /* AppDelegate.swift in Sources */,
				294E67171C8E2E1C007CEF92 /* JSQMessagesCollectionViewCellOutgoing.m in Sources */,
				294E669A1C8E2DEF007CEF92 /* JSQSystemSoundPlayer.m in Sources */,
				294E67121C8E2E1C007CEF92 /* JSQMessage.m in Sources */,
				299EDCD41C71593A007CDFAD /* FirstViewController.swift in Sources */,
				294E67061C8E2E1C007CEF92 /* UIImage+JSQMessages.m in Sources */,
				29AD0F211C82B69500ED7A36 /* AdviserViewController.swift in Sources */,
				29672A3B1C88E3D100B2B237 /* Profile.swift in Sources */,
				294E67071C8E2E1C007CEF92 /* UIView+JSQMessages.m in Sources */,
				299EDCEA1C7166C3007CDFAD /* MedicineDetailViewController.swift in Sources */,
				294E67201C8E2E1C007CEF92 /* JSQMessagesTypingIndicatorFooterView.m in Sources */,
				294E67091C8E2E1C007CEF92 /* JSQMessagesViewController.m in Sources */,
				294E670D1C8E2E1C007CEF92 /* JSQMessagesTimestampFormatter.m in Sources */,
				294E67151C8E2E1C007CEF92 /* JSQMessagesCollectionViewCellIncoming.m in Sources */,
				29672A3D1C88E7DF00B2B237 /* ProfileTableViewController.swift in Sources */,
				294E671B1C8E2E1C007CEF92 /* JSQMessagesLabel.m in Sources */,
				294E67191C8E2E1C007CEF92 /* JSQMessagesComposerTextView.m in Sources */,
				294E67111C8E2E1C007CEF92 /* JSQMessagesCollectionViewLayoutAttributes.m in Sources */,
				294E67101C8E2E1C007CEF92 /* JSQMessagesCollectionViewFlowLayoutInvalidationContext.m in Sources */,
				294E67081C8E2E1C007CEF92 /* JSQMessagesKeyboardController.m in Sources */,
				292D766C1C82AF7F008D55D6 /* CenterViewController.swift in Sources */,
				299EDCE81C715E53007CDFAD /* PrescriptionTableViewController.swift in Sources */,
				299EDCE61C715A8D007CDFAD /* Medicine.swift in Sources */,
				294E670B1C8E2E1C007CEF92 /* JSQMessagesAvatarFactory.m in Sources */,
				294E66061C8E28A7007CEF92 /* Message.swift in Sources */,
			);
			runOnlyForDeploymentPostprocessing = 0;
		};
/* End PBXSourcesBuildPhase section */

/* Begin PBXVariantGroup section */
		299EDCD71C71593A007CDFAD /* Main.storyboard */ = {
			isa = PBXVariantGroup;
			children = (
				299EDCD81C71593A007CDFAD /* Base */,
			);
			name = Main.storyboard;
			sourceTree = "<group>";
		};
		299EDCDC1C71593A007CDFAD /* LaunchScreen.storyboard */ = {
			isa = PBXVariantGroup;
			children = (
				299EDCDD1C71593A007CDFAD /* Base */,
			);
			name = LaunchScreen.storyboard;
			sourceTree = "<group>";
		};
/* End PBXVariantGroup section */

/* Begin XCBuildConfiguration section */
		299EDCE01C71593A007CDFAD /* Debug */ = {
			isa = XCBuildConfiguration;
			buildSettings = {
				ALWAYS_SEARCH_USER_PATHS = NO;
				CLANG_CXX_LANGUAGE_STANDARD = "gnu++0x";
				CLANG_CXX_LIBRARY = "libc++";
				CLANG_ENABLE_MODULES = YES;
				CLANG_ENABLE_OBJC_ARC = YES;
				CLANG_WARN_BOOL_CONVERSION = YES;
				CLANG_WARN_CONSTANT_CONVERSION = YES;
				CLANG_WARN_DIRECT_OBJC_ISA_USAGE = YES_ERROR;
				CLANG_WARN_EMPTY_BODY = YES;
				CLANG_WARN_ENUM_CONVERSION = YES;
				CLANG_WARN_INT_CONVERSION = YES;
				CLANG_WARN_OBJC_ROOT_CLASS = YES_ERROR;
				CLANG_WARN_UNREACHABLE_CODE = YES;
				CLANG_WARN__DUPLICATE_METHOD_MATCH = YES;
				"CODE_SIGN_IDENTITY[sdk=iphoneos*]" = "iPhone Developer";
				COPY_PHASE_STRIP = NO;
				DEBUG_INFORMATION_FORMAT = dwarf;
				ENABLE_STRICT_OBJC_MSGSEND = YES;
				ENABLE_TESTABILITY = YES;
				GCC_C_LANGUAGE_STANDARD = gnu99;
				GCC_DYNAMIC_NO_PIC = NO;
				GCC_NO_COMMON_BLOCKS = YES;
				GCC_OPTIMIZATION_LEVEL = 0;
				GCC_PREPROCESSOR_DEFINITIONS = (
					"DEBUG=1",
					"$(inherited)",
				);
				GCC_WARN_64_TO_32_BIT_CONVERSION = YES;
				GCC_WARN_ABOUT_RETURN_TYPE = YES_ERROR;
				GCC_WARN_UNDECLARED_SELECTOR = YES;
				GCC_WARN_UNINITIALIZED_AUTOS = YES_AGGRESSIVE;
				GCC_WARN_UNUSED_FUNCTION = YES;
				GCC_WARN_UNUSED_VARIABLE = YES;
				IPHONEOS_DEPLOYMENT_TARGET = 9.2;
				MTL_ENABLE_DEBUG_INFO = YES;
				ONLY_ACTIVE_ARCH = YES;
				SDKROOT = iphoneos;
				SWIFT_OPTIMIZATION_LEVEL = "-Onone";
			};
			name = Debug;
		};
		299EDCE11C71593A007CDFAD /* Release */ = {
			isa = XCBuildConfiguration;
			buildSettings = {
				ALWAYS_SEARCH_USER_PATHS = NO;
				CLANG_CXX_LANGUAGE_STANDARD = "gnu++0x";
				CLANG_CXX_LIBRARY = "libc++";
				CLANG_ENABLE_MODULES = YES;
				CLANG_ENABLE_OBJC_ARC = YES;
				CLANG_WARN_BOOL_CONVERSION = YES;
				CLANG_WARN_CONSTANT_CONVERSION = YES;
				CLANG_WARN_DIRECT_OBJC_ISA_USAGE = YES_ERROR;
				CLANG_WARN_EMPTY_BODY = YES;
				CLANG_WARN_ENUM_CONVERSION = YES;
				CLANG_WARN_INT_CONVERSION = YES;
				CLANG_WARN_OBJC_ROOT_CLASS = YES_ERROR;
				CLANG_WARN_UNREACHABLE_CODE = YES;
				CLANG_WARN__DUPLICATE_METHOD_MATCH = YES;
				"CODE_SIGN_IDENTITY[sdk=iphoneos*]" = "iPhone Developer";
				COPY_PHASE_STRIP = NO;
				DEBUG_INFORMATION_FORMAT = "dwarf-with-dsym";
				ENABLE_NS_ASSERTIONS = NO;
				ENABLE_STRICT_OBJC_MSGSEND = YES;
				GCC_C_LANGUAGE_STANDARD = gnu99;
				GCC_NO_COMMON_BLOCKS = YES;
				GCC_WARN_64_TO_32_BIT_CONVERSION = YES;
				GCC_WARN_ABOUT_RETURN_TYPE = YES_ERROR;
				GCC_WARN_UNDECLARED_SELECTOR = YES;
				GCC_WARN_UNINITIALIZED_AUTOS = YES_AGGRESSIVE;
				GCC_WARN_UNUSED_FUNCTION = YES;
				GCC_WARN_UNUSED_VARIABLE = YES;
				IPHONEOS_DEPLOYMENT_TARGET = 9.2;
				MTL_ENABLE_DEBUG_INFO = NO;
				SDKROOT = iphoneos;
				VALIDATE_PRODUCT = YES;
			};
			name = Release;
		};
		299EDCE31C71593A007CDFAD /* Debug */ = {
			isa = XCBuildConfiguration;
			buildSettings = {
				ASSETCATALOG_COMPILER_APPICON_NAME = AppIcon;
				CLANG_ENABLE_MODULES = YES;
				FRAMEWORK_SEARCH_PATHS = (
					"$(inherited)",
					"$(PROJECT_DIR)/Telemedicine",
					Assistant,
					"$(PROJECT_DIR)/Telemedicine",
					Assistant,
				);
				INFOPLIST_FILE = "Telemedicine Assistant/Info.plist";
				LD_RUNPATH_SEARCH_PATHS = "$(inherited) @executable_path/Frameworks";
				PRODUCT_BUNDLE_IDENTIFIER = "com.liuxuan.Telemedicine-Assistant";
				PRODUCT_NAME = "$(TARGET_NAME)";
				SWIFT_OBJC_BRIDGING_HEADER = "Telemedicine Assistant/Telemedicine Assistant-Bridging-Header.h";
				SWIFT_OPTIMIZATION_LEVEL = "-Onone";
			};
			name = Debug;
		};
		299EDCE41C71593A007CDFAD /* Release */ = {
			isa = XCBuildConfiguration;
			buildSettings = {
				ASSETCATALOG_COMPILER_APPICON_NAME = AppIcon;
				CLANG_ENABLE_MODULES = YES;
				FRAMEWORK_SEARCH_PATHS = (
					"$(inherited)",
					"$(PROJECT_DIR)/Telemedicine",
					Assistant,
					"$(PROJECT_DIR)/Telemedicine",
					Assistant,
				);
				INFOPLIST_FILE = "Telemedicine Assistant/Info.plist";
				LD_RUNPATH_SEARCH_PATHS = "$(inherited) @executable_path/Frameworks";
				PRODUCT_BUNDLE_IDENTIFIER = "com.liuxuan.Telemedicine-Assistant";
				PRODUCT_NAME = "$(TARGET_NAME)";
				SWIFT_OBJC_BRIDGING_HEADER = "Telemedicine Assistant/Telemedicine Assistant-Bridging-Header.h";
			};
			name = Release;
		};
/* End XCBuildConfiguration section */

/* Begin XCConfigurationList section */
		299EDCC91C71593A007CDFAD /* Build configuration list for PBXProject "Telemedicine Assistant" */ = {
			isa = XCConfigurationList;
			buildConfigurations = (
				299EDCE01C71593A007CDFAD /* Debug */,
				299EDCE11C71593A007CDFAD /* Release */,
			);
			defaultConfigurationIsVisible = 0;
			defaultConfigurationName = Release;
		};
		299EDCE21C71593A007CDFAD /* Build configuration list for PBXNativeTarget "Telemedicine Assistant" */ = {
			isa = XCConfigurationList;
			buildConfigurations = (
				299EDCE31C71593A007CDFAD /* Debug */,
				299EDCE41C71593A007CDFAD /* Release */,
			);
			defaultConfigurationIsVisible = 0;
			defaultConfigurationName = Release;
		};
/* End XCConfigurationList section */
	};
	rootObject = 299EDCC61C71593A007CDFAD /* Project object */;
}
